
Microsoft Visual Studio Solution File, Format Version 12.00
# Visual Studio Version 16
VisualStudioVersion = 16.0.30204.135
MinimumVisualStudioVersion = 10.0.40219.1
Project("{9A19103F-16F7-4668-BE54-9A1E7A4F7556}") = "GameServer", "GameServer\GameServer.csproj", "{8064059D-3093-4624-8116-9B8CCA1D3F7F}"
EndProject
Project("{9A19103F-16F7-4668-BE54-9A1E7A4F7556}") = "UnitTests", "UnitTests\UnitTests.csproj", "{EB0057F7-4898-4EE4-957E-9321B3E70B37}"
EndProject
Project("{9A19103F-16F7-4668-BE54-9A1E7A4F7556}") = "EterniumEngine", "EterniumEngine\EterniumEngine.csproj", "{9E539739-AF9E-46A1-A7B3-97A31C05648D}"
EndProject
Global
	GlobalSection(SolutionConfigurationPlatforms) = preSolution
		Debug|Any CPU = Debug|Any CPU
		Release|Any CPU = Release|Any CPU
	EndGlobalSection
	GlobalSection(ProjectConfigurationPlatforms) = postSolution
		{8064059D-3093-4624-8116-9B8CCA1D3F7F}.Debug|Any CPU.ActiveCfg = Debug|Any CPU
		{8064059D-3093-4624-8116-9B8CCA1D3F7F}.Debug|Any CPU.Build.0 = Debug|Any CPU
		{8064059D-3093-4624-8116-9B8CCA1D3F7F}.Release|Any CPU.ActiveCfg = Release|Any CPU
		{8064059D-3093-4624-8116-9B8CCA1D3F7F}.Release|Any CPU.Build.0 = Release|Any CPU
		{EB0057F7-4898-4EE4-957E-9321B3E70B37}.Debug|Any CPU.ActiveCfg = Debug|Any CPU
		{EB0057F7-4898-4EE4-957E-9321B3E70B37}.Debug|Any CPU.Build.0 = Debug|Any CPU
		{EB0057F7-4898-4EE4-957E-9321B3E70B37}.Release|Any CPU.ActiveCfg = Release|Any CPU
		{EB0057F7-4898-4EE4-957E-9321B3E70B37}.Release|Any CPU.Build.0 = Release|Any CPU
		{9E539739-AF9E-46A1-A7B3-97A31C05648D}.Debug|Any CPU.ActiveCfg = Debug|Any CPU
		{9E539739-AF9E-46A1-A7B3-97A31C05648D}.Debug|Any CPU.Build.0 = Debug|Any CPU
		{9E539739-AF9E-46A1-A7B3-97A31C05648D}.Release|Any CPU.ActiveCfg = Release|Any CPU
		{9E539739-AF9E-46A1-A7B3-97A31C05648D}.Release|Any CPU.Build.0 = Release|Any CPU
	EndGlobalSection
	GlobalSection(SolutionProperties) = preSolution
		HideSolutionNode = FALSE
	EndGlobalSection
	GlobalSection(ExtensibilityGlobals) = postSolution
		SolutionGuid = {2D6AB6CD-A40B-4907-B48A-5AE05C1994BD}
	EndGlobalSection
EndGlobal
